
Microsoft Visual Studio Solution File, Format Version 12.00
# Visual Studio Version 17
VisualStudioVersion = 17.0.32112.339
MinimumVisualStudioVersion = 10.0.40219.1
Project("{9A19103F-16F7-4668-BE54-9A1E7A4F7556}") = "ParserLibrary", "ParserLibrary\ParserLibrary.csproj", "{BB5F40AF-99CD-4A1B-B6E0-C1C3295D4666}"
EndProject
Project("{9A19103F-16F7-4668-BE54-9A1E7A4F7556}") = "ParserExample", "ParserExample\ParserExample.csproj", "{7BFDAB3C-DC93-46D4-9B57-34FBB9DA2128}"
EndProject
Project("{9A19103F-16F7-4668-BE54-9A1E7A4F7556}") = "ParserTests", "ParserTests\ParserTests.csproj", "{9757EBC9-B9C5-4AE0-919C-A80CBB1D4112}"
EndProject
Project("{9A19103F-16F7-4668-BE54-9A1E7A4F7556}") = "S-Expressions", "S-Expressions\S-Expressions.csproj", "{D3DC421B-246E-483F-B393-F706E7049CC6}"
EndProject
Project("{9A19103F-16F7-4668-BE54-9A1E7A4F7556}") = "Semgus-Lib", "Semgus-Lib\Semgus-Lib.csproj", "{C2D4820B-41CD-4B87-BBD6-C1BF2D1379DC}"
EndProject
Project("{FAE04EC0-301F-11D3-BF4B-00C04F79EFBC}") = "SemgusParser", "SemgusParser\SemgusParser.csproj", "{BE83F71C-BBF6-46D7-A433-070819067EE2}"
EndProject
Global
	GlobalSection(SolutionConfigurationPlatforms) = preSolution
		Debug|Any CPU = Debug|Any CPU
		Release|Any CPU = Release|Any CPU
	EndGlobalSection
	GlobalSection(ProjectConfigurationPlatforms) = postSolution
		{BB5F40AF-99CD-4A1B-B6E0-C1C3295D4666}.Debug|Any CPU.ActiveCfg = Debug|Any CPU
		{BB5F40AF-99CD-4A1B-B6E0-C1C3295D4666}.Debug|Any CPU.Build.0 = Debug|Any CPU
		{BB5F40AF-99CD-4A1B-B6E0-C1C3295D4666}.Release|Any CPU.ActiveCfg = Release|Any CPU
		{BB5F40AF-99CD-4A1B-B6E0-C1C3295D4666}.Release|Any CPU.Build.0 = Release|Any CPU
		{7BFDAB3C-DC93-46D4-9B57-34FBB9DA2128}.Debug|Any CPU.ActiveCfg = Debug|Any CPU
		{7BFDAB3C-DC93-46D4-9B57-34FBB9DA2128}.Debug|Any CPU.Build.0 = Debug|Any CPU
		{7BFDAB3C-DC93-46D4-9B57-34FBB9DA2128}.Release|Any CPU.ActiveCfg = Release|Any CPU
		{7BFDAB3C-DC93-46D4-9B57-34FBB9DA2128}.Release|Any CPU.Build.0 = Release|Any CPU
		{9757EBC9-B9C5-4AE0-919C-A80CBB1D4112}.Debug|Any CPU.ActiveCfg = Debug|Any CPU
		{9757EBC9-B9C5-4AE0-919C-A80CBB1D4112}.Debug|Any CPU.Build.0 = Debug|Any CPU
		{9757EBC9-B9C5-4AE0-919C-A80CBB1D4112}.Release|Any CPU.ActiveCfg = Release|Any CPU
		{9757EBC9-B9C5-4AE0-919C-A80CBB1D4112}.Release|Any CPU.Build.0 = Release|Any CPU
		{D3DC421B-246E-483F-B393-F706E7049CC6}.Debug|Any CPU.ActiveCfg = Debug|Any CPU
		{D3DC421B-246E-483F-B393-F706E7049CC6}.Debug|Any CPU.Build.0 = Debug|Any CPU
		{D3DC421B-246E-483F-B393-F706E7049CC6}.Release|Any CPU.ActiveCfg = Release|Any CPU
		{D3DC421B-246E-483F-B393-F706E7049CC6}.Release|Any CPU.Build.0 = Release|Any CPU
		{C2D4820B-41CD-4B87-BBD6-C1BF2D1379DC}.Debug|Any CPU.ActiveCfg = Debug|Any CPU
		{C2D4820B-41CD-4B87-BBD6-C1BF2D1379DC}.Debug|Any CPU.Build.0 = Debug|Any CPU
		{C2D4820B-41CD-4B87-BBD6-C1BF2D1379DC}.Release|Any CPU.ActiveCfg = Release|Any CPU
		{C2D4820B-41CD-4B87-BBD6-C1BF2D1379DC}.Release|Any CPU.Build.0 = Release|Any CPU
		{BE83F71C-BBF6-46D7-A433-070819067EE2}.Debug|Any CPU.ActiveCfg = Debug|Any CPU
		{BE83F71C-BBF6-46D7-A433-070819067EE2}.Debug|Any CPU.Build.0 = Debug|Any CPU
		{BE83F71C-BBF6-46D7-A433-070819067EE2}.Release|Any CPU.ActiveCfg = Release|Any CPU
		{BE83F71C-BBF6-46D7-A433-070819067EE2}.Release|Any CPU.Build.0 = Release|Any CPU
	EndGlobalSection
	GlobalSection(SolutionProperties) = preSolution
		HideSolutionNode = FALSE
	EndGlobalSection
	GlobalSection(ExtensibilityGlobals) = postSolution
		SolutionGuid = {962150A0-C80F-4405-BE99-A5B23B8B60E9}
	EndGlobalSection
EndGlobal
